
Microsoft Visual Studio Solution File, Format Version 12.00
# Visual Studio Version 16
VisualStudioVersion = 16.0.31729.503
MinimumVisualStudioVersion = 10.0.40219.1
Project("{9A19103F-16F7-4668-BE54-9A1E7A4F7556}") = "MvcMovie", "MvcMovie\MvcMovie.csproj", "{EE3880D3-04C8-4BEE-858C-90AD5714D665}"
EndProject
Global
	GlobalSection(SolutionConfigurationPlatforms) = preSolution
		Debug|Any CPU = Debug|Any CPU
		Release|Any CPU = Release|Any CPU
	EndGlobalSection
	GlobalSection(ProjectConfigurationPlatforms) = postSolution
		{EE3880D3-04C8-4BEE-858C-90AD5714D665}.Debug|Any CPU.ActiveCfg = Debug|Any CPU
		{EE3880D3-04C8-4BEE-858C-90AD5714D665}.Debug|Any CPU.Build.0 = Debug|Any CPU
		{EE3880D3-04C8-4BEE-858C-90AD5714D665}.Release|Any CPU.ActiveCfg = Release|Any CPU
		{EE3880D3-04C8-4BEE-858C-90AD5714D665}.Release|Any CPU.Build.0 = Release|Any CPU
	EndGlobalSection
	GlobalSection(SolutionProperties) = preSolution
		HideSolutionNode = FALSE
	EndGlobalSection
	GlobalSection(ExtensibilityGlobals) = postSolution
		SolutionGuid = {91F54738-8FA7-4EF9-B9ED-69D55D0510C3}
	EndGlobalSection
EndGlobal
